schema: '2.0'
stages:
  data_ingestion:
    cmd: python src/data/data_ingestion.py
    deps:
    - path: src/data/data_ingestion.py
      hash: md5
      md5: 629452dfe5662622d3b720ed1e905d09
      size: 777
    params:
      params.yaml:
        data_ingestion.test_size: 0.4
    outs:
    - path: data/raw
      hash: md5
      md5: bcf31e806101a5a7be503860f42fd7e4.dir
      size: 887224
      nfiles: 2
  data_preprocessing:
    cmd: python src/data/data_preprocessing.py
    deps:
    - path: data/raw
      hash: md5
      md5: bcf31e806101a5a7be503860f42fd7e4.dir
      size: 887224
      nfiles: 2
    - path: src/data/data_preprocessing.py
      hash: md5
      md5: 1cb7ed411a4abb877fc2db2d97577e6b
      size: 2699
    outs:
    - path: data/processed
      hash: md5
      md5: 0bd087cde6bf4c16b6651d383bf32bf7.dir
      size: 674986
      nfiles: 2
  feature_engineering:
    cmd: python src/features/data_engineering.py
    deps:
    - path: data/processed
      hash: md5
      md5: 0bd087cde6bf4c16b6651d383bf32bf7.dir
      size: 674986
      nfiles: 2
    - path: src/features/data_engineering.py
      hash: md5
      md5: 410a5f341a8dbbd3dad5599fc777a649
      size: 1344
    params:
      params.yaml:
        data_engineering.max_features: 30
    outs:
    - path: data/features
      hash: md5
      md5: 8bf7d6af0bcabb06eb66c2f3d8c36d55.dir
      size: 703388
      nfiles: 2
  model_building:
    cmd: python src/models/model_building.py
    deps:
    - path: data/features
      hash: md5
      md5: 8bf7d6af0bcabb06eb66c2f3d8c36d55.dir
      size: 703388
      nfiles: 2
    - path: src/models/model_building.py
      hash: md5
      md5: a050f0c2f74de572f5543c80c948b04c
      size: 695
    params:
      params.yaml:
        model_building.learning_rate: 0.1
        model_building.n_estimators: 50
    outs:
    - path: model.pkl
      hash: md5
      md5: 5102ddac6c2fc96c5232844d10530c67
      size: 69267
  model_evaluation:
    cmd: python src/models/model_evaluation.py
    deps:
    - path: model.pkl
      hash: md5
      md5: 5102ddac6c2fc96c5232844d10530c67
      size: 69267
    - path: src/models/model_evaluation.py
      hash: md5
      md5: 3eb87f11b905b40e2922c1c391e821fa
      size: 823
    outs:
    - path: metrics.json
      hash: md5
      md5: a741be53cd72ceb61d1ff614caf09437
      size: 145
